{
  "version": 4,
  "terraform_version": "1.4.3",
  "serial": 7,
  "lineage": "d48a4b95-95ca-b6b0-cb04-8d2efa4fef12",
  "outputs": {},
  "resources": [
    {
      "mode": "managed",
      "type": "local_file",
      "name": "foo",
      "provider": "provider[\"registry.terraform.io/hashicorp/local\"]",
      "instances": [
        {
          "schema_version": 0,
          "attributes": {
            "content": "contentvar",
            "content_base64": null,
            "content_base64sha256": "ERM1X8jQ12x5ANrVTcdGLaGhwrQ9+Evum+b5aYxPsKc=",
            "content_base64sha512": "P6kFv/YHroEZatgp+5XKPv7yeqUKpQ8Ais7kuwBYwhrIyFmkTxLY53ZJJY57NONlpnarjv9DScE2rDI3A4SVDQ==",
            "content_md5": "7684014e3d718f3fc43e3cdc7c9a84df",
            "content_sha1": "f2e62b460f499260dc5a03b46587e52d2534ea86",
            "content_sha256": "1113355fc8d0d76c7900dad54dc7462da1a1c2b43df84bee9be6f9698c4fb0a7",
            "content_sha512": "3fa905bff607ae81196ad829fb95ca3efef27aa50aa50f008acee4bb0058c21ac8c859a44f12d8e77649258e7b34e365a676ab8eff4349c136ac32370384950d",
            "directory_permission": "0777",
            "file_permission": "0777",
            "filename": "/tmp/filevar.txt",
            "id": "f2e62b460f499260dc5a03b46587e52d2534ea86",
            "sensitive_content": null,
            "source": null
          },
          "sensitive_attributes": []
        }
      ]
    }
  ],
  "check_results": null
}
