{
  "version": 4,
  "terraform_version": "1.4.3",
  "serial": 10,
  "lineage": "d48a4b95-95ca-b6b0-cb04-8d2efa4fef12",
  "outputs": {},
  "resources": [
    {
      "mode": "managed",
      "type": "local_file",
      "name": "foo",
      "provider": "provider[\"registry.terraform.io/hashicorp/local\"]",
      "instances": [
        {
          "schema_version": 0,
          "attributes": {
            "content": "envvar",
            "content_base64": null,
            "content_base64sha256": "/ZBq5cKcUQAv/ygHA4YDF6mOGkMXUYxfu77LxDkxSMI=",
            "content_base64sha512": "AeYC67M+XCekTSR4WTe1aHwo9ZU/ZE5LsPwQT3NmRBxU4kG7cXpSlTKqM4RiyNddMEP3P3YgVg+173GI66VMOA==",
            "content_md5": "a010655d449f54fe0ffdd65feedf65b2",
            "content_sha1": "77da1a27fe0d39d956635a489531a4ef9ca2577e",
            "content_sha256": "fd906ae5c29c51002fff280703860317a98e1a4317518c5fbbbecbc4393148c2",
            "content_sha512": "01e602ebb33e5c27a44d24785937b5687c28f5953f644e4bb0fc104f7366441c54e241bb717a529532aa338462c8d75d3043f73f7620560fb5ef7188eba54c38",
            "directory_permission": "0777",
            "file_permission": "0777",
            "filename": "/tmp/envvar",
            "id": "77da1a27fe0d39d956635a489531a4ef9ca2577e",
            "sensitive_content": null,
            "source": null
          },
          "sensitive_attributes": []
        }
      ]
    }
  ],
  "check_results": null
}
