{
  "version": 4,
  "terraform_version": "1.4.3",
  "serial": 1,
  "lineage": "cb412598-be9c-762d-20a2-709ea0488446",
  "outputs": {},
  "resources": [
    {
      "mode": "managed",
      "type": "local_file",
      "name": "foo",
      "provider": "provider[\"registry.terraform.io/hashicorp/local\"]",
      "instances": [
        {
          "schema_version": 0,
          "attributes": {
            "content": "jsontext",
            "content_base64": null,
            "content_base64sha256": "xbYtU9tKNzVETUEyCKOoXvIJ3QhkkuXaMZSXy763fnk=",
            "content_base64sha512": "rBL5vRJM8OF+kOCWXg+i6TN+++10TJROAReoF6bmgVQ8S0Uc05g2+EJz2cKX/iIdj2AnVYxm56VnJJt8lx9vEA==",
            "content_md5": "1d0c69dabb899932003de5c7fb985717",
            "content_sha1": "1518fa00db0c6e0c7c5ae11c20c04930bb72ddb4",
            "content_sha256": "c5b62d53db4a3735444d413208a3a85ef209dd086492e5da319497cbbeb77e79",
            "content_sha512": "ac12f9bd124cf0e17e90e0965e0fa2e9337efbed744c944e0117a817a6e681543c4b451cd39836f84273d9c297fe221d8f6027558c66e7a567249b7c971f6f10",
            "directory_permission": "0777",
            "file_permission": "0777",
            "filename": "/tmp/jsonvar",
            "id": "1518fa00db0c6e0c7c5ae11c20c04930bb72ddb4",
            "sensitive_content": null,
            "source": null
          },
          "sensitive_attributes": []
        }
      ]
    }
  ],
  "check_results": null
}
