{
  "version": 4,
  "terraform_version": "1.4.3",
  "serial": 4,
  "lineage": "d48a4b95-95ca-b6b0-cb04-8d2efa4fef12",
  "outputs": {},
  "resources": [
    {
      "mode": "managed",
      "type": "local_file",
      "name": "foo",
      "provider": "provider[\"registry.terraform.io/hashicorp/local\"]",
      "instances": [
        {
          "schema_version": 0,
          "attributes": {
            "content": "test cpntent",
            "content_base64": null,
            "content_base64sha256": "iVdeCD7lApyeGmlCxQ5O3EllU70T0aF7vEUwullg8SI=",
            "content_base64sha512": "f4X5kEo5vkISdW0YnE/Y/GPlwjzrvDwp6yUhInPHK0FP5G99mjTEcXinYesw2tPwolMSa0d+rBIQHbsjJKw/8w==",
            "content_md5": "93f9b673bbdfcbdbdb48960f6be4c429",
            "content_sha1": "6c0a7041334e5b976cfa93b1ea0e3b0b5b24df23",
            "content_sha256": "89575e083ee5029c9e1a6942c50e4edc496553bd13d1a17bbc4530ba5960f122",
            "content_sha512": "7f85f9904a39be4212756d189c4fd8fc63e5c23cebbc3c29eb25212273c72b414fe46f7d9a34c47178a761eb30dad3f0a253126b477eac12101dbb2324ac3ff3",
            "directory_permission": "0777",
            "file_permission": "0777",
            "filename": "/tmp/kvtest.txt",
            "id": "6c0a7041334e5b976cfa93b1ea0e3b0b5b24df23",
            "sensitive_content": null,
            "source": null
          },
          "sensitive_attributes": []
        }
      ]
    }
  ],
  "check_results": null
}
